
Microsoft Visual Studio Solution File, Format Version 12.00
# Visual Studio Version 17
VisualStudioVersion = 17.10.35004.147
MinimumVisualStudioVersion = 10.0.40219.1
Project("{FAE04EC0-301F-11D3-BF4B-00C04F79EFBC}") = "Étel", "Étel\Étel.csproj", "{520B9956-D373-4B98-B76D-86B1B4584AF9}"
EndProject
Global
	GlobalSection(SolutionConfigurationPlatforms) = preSolution
		Debug|Any CPU = Debug|Any CPU
		Release|Any CPU = Release|Any CPU
	EndGlobalSection
	GlobalSection(ProjectConfigurationPlatforms) = postSolution
		{520B9956-D373-4B98-B76D-86B1B4584AF9}.Debug|Any CPU.ActiveCfg = Debug|Any CPU
		{520B9956-D373-4B98-B76D-86B1B4584AF9}.Debug|Any CPU.Build.0 = Debug|Any CPU
		{520B9956-D373-4B98-B76D-86B1B4584AF9}.Release|Any CPU.ActiveCfg = Release|Any CPU
		{520B9956-D373-4B98-B76D-86B1B4584AF9}.Release|Any CPU.Build.0 = Release|Any CPU
	EndGlobalSection
	GlobalSection(SolutionProperties) = preSolution
		HideSolutionNode = FALSE
	EndGlobalSection
	GlobalSection(ExtensibilityGlobals) = postSolution
		SolutionGuid = {69E133B5-3395-437A-9B6D-BDF9061A3CF1}
	EndGlobalSection
EndGlobal
